
Microsoft Visual Studio Solution File, Format Version 12.00
# Visual Studio Version 16
VisualStudioVersion = 16.0.33801.447
MinimumVisualStudioVersion = 10.0.40219.1
Project("{9A19103F-16F7-4668-BE54-9A1E7A4F7556}") = "CL.WebApi", "CL.WebApi\CL.WebApi.csproj", "{C53564A8-1FE3-4856-AC0C-767D800AAC6E}"
EndProject
Project("{2150E333-8FDC-42A3-9474-1A3956D46DE8}") = "01.CL.WebApi", "01.CL.WebApi", "{F12835A2-CC3D-4A6C-A167-78B0262D4B52}"
EndProject
Project("{2150E333-8FDC-42A3-9474-1A3956D46DE8}") = "02.CL.Manager", "02.CL.Manager", "{E0C9E48D-4FA0-4819-AB89-7369E5DE696B}"
EndProject
Project("{2150E333-8FDC-42A3-9474-1A3956D46DE8}") = "03.CL.Data", "03.CL.Data", "{0CA81879-DA8A-432C-B147-03D2D297FE61}"
EndProject
Project("{2150E333-8FDC-42A3-9474-1A3956D46DE8}") = "04.CL.Core", "04.CL.Core", "{C5FB2887-DFF6-4B56-A898-AECD079A4628}"
EndProject
Project("{2150E333-8FDC-42A3-9474-1A3956D46DE8}") = "05.CL.Tests", "05.CL.Tests", "{461FD896-548D-4713-9AE2-6C43F0B4D880}"
EndProject
Project("{FAE04EC0-301F-11D3-BF4B-00C04F79EFBC}") = "CL.Manager", "CL.Manager\CL.Manager.csproj", "{677577B1-280C-4382-B655-F47FC1FF6576}"
EndProject
Project("{FAE04EC0-301F-11D3-BF4B-00C04F79EFBC}") = "CL.Data", "CL.Data\CL.Data.csproj", "{A30CB055-A4F4-4CA2-9875-DB15A9F292B5}"
EndProject
Project("{FAE04EC0-301F-11D3-BF4B-00C04F79EFBC}") = "CL.Core", "CL.Core\CL.Core.csproj", "{7ABAF503-D25C-4C17-8B11-98F9E217ECC6}"
EndProject
Project("{FAE04EC0-301F-11D3-BF4B-00C04F79EFBC}") = "CL.Tests", "CL.Tests\CL.Tests.csproj", "{F8D94720-0157-468C-BF9C-80EF7E4221EB}"
EndProject
Project("{2150E333-8FDC-42A3-9474-1A3956D46DE8}") = "README", "README", "{38F7F6C1-8CA2-4577-BC80-9F153AB8D603}"
	ProjectSection(SolutionItems) = preProject
		README.md = README.md
	EndProjectSection
EndProject
Global
	GlobalSection(SolutionConfigurationPlatforms) = preSolution
		Debug|Any CPU = Debug|Any CPU
		Release|Any CPU = Release|Any CPU
	EndGlobalSection
	GlobalSection(ProjectConfigurationPlatforms) = postSolution
		{C53564A8-1FE3-4856-AC0C-767D800AAC6E}.Debug|Any CPU.ActiveCfg = Debug|Any CPU
		{C53564A8-1FE3-4856-AC0C-767D800AAC6E}.Debug|Any CPU.Build.0 = Debug|Any CPU
		{C53564A8-1FE3-4856-AC0C-767D800AAC6E}.Release|Any CPU.ActiveCfg = Release|Any CPU
		{C53564A8-1FE3-4856-AC0C-767D800AAC6E}.Release|Any CPU.Build.0 = Release|Any CPU
		{677577B1-280C-4382-B655-F47FC1FF6576}.Debug|Any CPU.ActiveCfg = Debug|Any CPU
		{677577B1-280C-4382-B655-F47FC1FF6576}.Debug|Any CPU.Build.0 = Debug|Any CPU
		{677577B1-280C-4382-B655-F47FC1FF6576}.Release|Any CPU.ActiveCfg = Release|Any CPU
		{677577B1-280C-4382-B655-F47FC1FF6576}.Release|Any CPU.Build.0 = Release|Any CPU
		{A30CB055-A4F4-4CA2-9875-DB15A9F292B5}.Debug|Any CPU.ActiveCfg = Debug|Any CPU
		{A30CB055-A4F4-4CA2-9875-DB15A9F292B5}.Debug|Any CPU.Build.0 = Debug|Any CPU
		{A30CB055-A4F4-4CA2-9875-DB15A9F292B5}.Release|Any CPU.ActiveCfg = Release|Any CPU
		{A30CB055-A4F4-4CA2-9875-DB15A9F292B5}.Release|Any CPU.Build.0 = Release|Any CPU
		{7ABAF503-D25C-4C17-8B11-98F9E217ECC6}.Debug|Any CPU.ActiveCfg = Debug|Any CPU
		{7ABAF503-D25C-4C17-8B11-98F9E217ECC6}.Debug|Any CPU.Build.0 = Debug|Any CPU
		{7ABAF503-D25C-4C17-8B11-98F9E217ECC6}.Release|Any CPU.ActiveCfg = Release|Any CPU
		{7ABAF503-D25C-4C17-8B11-98F9E217ECC6}.Release|Any CPU.Build.0 = Release|Any CPU
		{F8D94720-0157-468C-BF9C-80EF7E4221EB}.Debug|Any CPU.ActiveCfg = Debug|Any CPU
		{F8D94720-0157-468C-BF9C-80EF7E4221EB}.Debug|Any CPU.Build.0 = Debug|Any CPU
		{F8D94720-0157-468C-BF9C-80EF7E4221EB}.Release|Any CPU.ActiveCfg = Release|Any CPU
		{F8D94720-0157-468C-BF9C-80EF7E4221EB}.Release|Any CPU.Build.0 = Release|Any CPU
	EndGlobalSection
	GlobalSection(SolutionProperties) = preSolution
		HideSolutionNode = FALSE
	EndGlobalSection
	GlobalSection(NestedProjects) = preSolution
		{C53564A8-1FE3-4856-AC0C-767D800AAC6E} = {F12835A2-CC3D-4A6C-A167-78B0262D4B52}
		{677577B1-280C-4382-B655-F47FC1FF6576} = {E0C9E48D-4FA0-4819-AB89-7369E5DE696B}
		{A30CB055-A4F4-4CA2-9875-DB15A9F292B5} = {0CA81879-DA8A-432C-B147-03D2D297FE61}
		{7ABAF503-D25C-4C17-8B11-98F9E217ECC6} = {C5FB2887-DFF6-4B56-A898-AECD079A4628}
		{F8D94720-0157-468C-BF9C-80EF7E4221EB} = {461FD896-548D-4713-9AE2-6C43F0B4D880}
	EndGlobalSection
	GlobalSection(ExtensibilityGlobals) = postSolution
		SolutionGuid = {26940F4D-5639-48DB-88E7-A2F044DAA591}
	EndGlobalSection
EndGlobal
